
Microsoft Visual Studio Solution File, Format Version 12.00
# Visual Studio 15
VisualStudioVersion = 15.0.28307.902
MinimumVisualStudioVersion = 10.0.40219.1
Project("{FAE04EC0-301F-11D3-BF4B-00C04F79EFBC}") = "Services", "Services\Services.csproj", "{B2A1AE14-2840-4810-92DC-91D196789306}"
EndProject
Project("{FAE04EC0-301F-11D3-BF4B-00C04F79EFBC}") = "Repositories", "Repositories\Repositories.csproj", "{B5DADD27-45B6-455A-B880-386087FC0AE6}"
EndProject
Project("{FAE04EC0-301F-11D3-BF4B-00C04F79EFBC}") = "Web", "Web\Web.csproj", "{CEF702FE-95CB-419A-9F6B-D3BB4D8397B6}"
EndProject
Global
	GlobalSection(SolutionConfigurationPlatforms) = preSolution
		Debug|Any CPU = Debug|Any CPU
		Release|Any CPU = Release|Any CPU
	EndGlobalSection
	GlobalSection(ProjectConfigurationPlatforms) = postSolution
		{B2A1AE14-2840-4810-92DC-91D196789306}.Debug|Any CPU.ActiveCfg = Debug|Any CPU
		{B2A1AE14-2840-4810-92DC-91D196789306}.Debug|Any CPU.Build.0 = Debug|Any CPU
		{B2A1AE14-2840-4810-92DC-91D196789306}.Release|Any CPU.ActiveCfg = Release|Any CPU
		{B2A1AE14-2840-4810-92DC-91D196789306}.Release|Any CPU.Build.0 = Release|Any CPU
		{B5DADD27-45B6-455A-B880-386087FC0AE6}.Debug|Any CPU.ActiveCfg = Debug|Any CPU
		{B5DADD27-45B6-455A-B880-386087FC0AE6}.Debug|Any CPU.Build.0 = Debug|Any CPU
		{B5DADD27-45B6-455A-B880-386087FC0AE6}.Release|Any CPU.ActiveCfg = Release|Any CPU
		{B5DADD27-45B6-455A-B880-386087FC0AE6}.Release|Any CPU.Build.0 = Release|Any CPU
		{CEF702FE-95CB-419A-9F6B-D3BB4D8397B6}.Debug|Any CPU.ActiveCfg = Debug|Any CPU
		{CEF702FE-95CB-419A-9F6B-D3BB4D8397B6}.Debug|Any CPU.Build.0 = Debug|Any CPU
		{CEF702FE-95CB-419A-9F6B-D3BB4D8397B6}.Release|Any CPU.ActiveCfg = Release|Any CPU
		{CEF702FE-95CB-419A-9F6B-D3BB4D8397B6}.Release|Any CPU.Build.0 = Release|Any CPU
	EndGlobalSection
	GlobalSection(SolutionProperties) = preSolution
		HideSolutionNode = FALSE
	EndGlobalSection
	GlobalSection(ExtensibilityGlobals) = postSolution
		SolutionGuid = {2057981A-197F-49C3-A3C1-56DD2414FDB0}
	EndGlobalSection
EndGlobal
